// !$*UTF8*$!
{
	archiveVersion = 1;
	classes = {
	};
	objectVersion = 56;
	objects = {

/* Begin PBXBuildFile section */
		88A67E492C00A73A0032DDF7 /* BackgroundGradientView.swift in Sources */ = {isa = PBXBuildFile; fileRef = 88A67E482C00A73A0032DDF7 /* BackgroundGradientView.swift */; };
		88A67E4C2C00B30F0032DDF7 /* CustomTextFieldStyle.swift in Sources */ = {isa = PBXBuildFile; fileRef = 88A67E4B2C00B30F0032DDF7 /* CustomTextFieldStyle.swift */; };
		88A67E4E2C00B32D0032DDF7 /* CustomSlider.swift in Sources */ = {isa = PBXBuildFile; fileRef = 88A67E4D2C00B32D0032DDF7 /* CustomSlider.swift */; };
		88A9077D2BFFE8B7001BF789 /* AI_ArtApp.swift in Sources */ = {isa = PBXBuildFile; fileRef = 88A9077C2BFFE8B7001BF789 /* AI_ArtApp.swift */; };
		88A9077F2BFFE8B7001BF789 /* ContentView.swift in Sources */ = {isa = PBXBuildFile; fileRef = 88A9077E2BFFE8B7001BF789 /* ContentView.swift */; };
		88A907812BFFE8B8001BF789 /* Assets.xcassets in Resources */ = {isa = PBXBuildFile; fileRef = 88A907802BFFE8B8001BF789 /* Assets.xcassets */; };
		88A907842BFFE8B8001BF789 /* Preview Assets.xcassets in Resources */ = {isa = PBXBuildFile; fileRef = 88A907832BFFE8B8001BF789 /* Preview Assets.xcassets */; };
		88A907922BFFE91D001BF789 /* PromptSettings.swift in Sources */ = {isa = PBXBuildFile; fileRef = 88A907912BFFE91D001BF789 /* PromptSettings.swift */; };
		88A907942BFFE948001BF789 /* ImageGenerationViewModel.swift in Sources */ = {isa = PBXBuildFile; fileRef = 88A907932BFFE948001BF789 /* ImageGenerationViewModel.swift */; };
		88A907962BFFE9D4001BF789 /* ImageGenerationService.swift in Sources */ = {isa = PBXBuildFile; fileRef = 88A907952BFFE9D4001BF789 /* ImageGenerationService.swift */; };
		88A907992BFFEA09001BF789 /* StableDiffusion in Frameworks */ = {isa = PBXBuildFile; productRef = 88A907982BFFEA09001BF789 /* StableDiffusion */; };
		88A9079C2BFFEA99001BF789 /* Pipeline.swift in Sources */ = {isa = PBXBuildFile; fileRef = 88A9079B2BFFEA99001BF789 /* Pipeline.swift */; };
		88A9079F2BFFEAF3001BF789 /* Extensions.swift in Sources */ = {isa = PBXBuildFile; fileRef = 88A9079E2BFFEAF3001BF789 /* Extensions.swift */; };
		88A907A12BFFEBA8001BF789 /* ProgressBar.swift in Sources */ = {isa = PBXBuildFile; fileRef = 88A907A02BFFEBA8001BF789 /* ProgressBar.swift */; };
		88A907B22C005A19001BF789 /* ShimmerView.swift in Sources */ = {isa = PBXBuildFile; fileRef = 88A907B12C005A19001BF789 /* ShimmerView.swift */; };
/* End PBXBuildFile section */

/* Begin PBXFileReference section */
		88A67E482C00A73A0032DDF7 /* BackgroundGradientView.swift */ = {isa = PBXFileReference; fileEncoding = 4; lastKnownFileType = sourcecode.swift; path = BackgroundGradientView.swift; sourceTree = "<group>"; };
		88A67E4B2C00B30F0032DDF7 /* CustomTextFieldStyle.swift */ = {isa = PBXFileReference; lastKnownFileType = sourcecode.swift; path = CustomTextFieldStyle.swift; sourceTree = "<group>"; };
		88A67E4D2C00B32D0032DDF7 /* CustomSlider.swift */ = {isa = PBXFileReference; lastKnownFileType = sourcecode.swift; path = CustomSlider.swift; sourceTree = "<group>"; };
		88A907792BFFE8B7001BF789 /* AI-Art.app */ = {isa = PBXFileReference; explicitFileType = wrapper.application; includeInIndex = 0; path = "AI-Art.app"; sourceTree = BUILT_PRODUCTS_DIR; };
		88A9077C2BFFE8B7001BF789 /* AI_ArtApp.swift */ = {isa = PBXFileReference; lastKnownFileType = sourcecode.swift; path = AI_ArtApp.swift; sourceTree = "<group>"; };
		88A9077E2BFFE8B7001BF789 /* ContentView.swift */ = {isa = PBXFileReference; lastKnownFileType = sourcecode.swift; path = ContentView.swift; sourceTree = "<group>"; };
		88A907802BFFE8B8001BF789 /* Assets.xcassets */ = {isa = PBXFileReference; lastKnownFileType = folder.assetcatalog; path = Assets.xcassets; sourceTree = "<group>"; };
		88A907832BFFE8B8001BF789 /* Preview Assets.xcassets */ = {isa = PBXFileReference; lastKnownFileType = folder.assetcatalog; path = "Preview Assets.xcassets"; sourceTree = "<group>"; };
		88A907912BFFE91D001BF789 /* PromptSettings.swift */ = {isa = PBXFileReference; lastKnownFileType = sourcecode.swift; path = PromptSettings.swift; sourceTree = "<group>"; };
		88A907932BFFE948001BF789 /* ImageGenerationViewModel.swift */ = {isa = PBXFileReference; lastKnownFileType = sourcecode.swift; path = ImageGenerationViewModel.swift; sourceTree = "<group>"; };
		88A907952BFFE9D4001BF789 /* ImageGenerationService.swift */ = {isa = PBXFileReference; lastKnownFileType = sourcecode.swift; path = ImageGenerationService.swift; sourceTree = "<group>"; };
		88A9079B2BFFEA99001BF789 /* Pipeline.swift */ = {isa = PBXFileReference; lastKnownFileType = sourcecode.swift; path = Pipeline.swift; sourceTree = "<group>"; };
		88A9079E2BFFEAF3001BF789 /* Extensions.swift */ = {isa = PBXFileReference; lastKnownFileType = sourcecode.swift; path = Extensions.swift; sourceTree = "<group>"; };
		88A907A02BFFEBA8001BF789 /* ProgressBar.swift */ = {isa = PBXFileReference; lastKnownFileType = sourcecode.swift; path = ProgressBar.swift; sourceTree = "<group>"; };
		88A907B12C005A19001BF789 /* ShimmerView.swift */ = {isa = PBXFileReference; lastKnownFileType = sourcecode.swift; path = ShimmerView.swift; sourceTree = "<group>"; };
/* End PBXFileReference section */

/* Begin PBXFrameworksBuildPhase section */
		88A907762BFFE8B7001BF789 /* Frameworks */ = {
			isa = PBXFrameworksBuildPhase;
			buildActionMask = 2147483647;
			files = (
				88A907992BFFEA09001BF789 /* StableDiffusion in Frameworks */,
			);
			runOnlyForDeploymentPostprocessing = 0;
		};
/* End PBXFrameworksBuildPhase section */

/* Begin PBXGroup section */
		88A67E4A2C00B2FE0032DDF7 /* Components */ = {
			isa = PBXGroup;
			children = (
				88A67E4B2C00B30F0032DDF7 /* CustomTextFieldStyle.swift */,
				88A67E4D2C00B32D0032DDF7 /* CustomSlider.swift */,
			);
			path = Components;
			sourceTree = "<group>";
		};
		88A907702BFFE8B7001BF789 = {
			isa = PBXGroup;
			children = (
				88A9077B2BFFE8B7001BF789 /* AI-Art */,
				88A9077A2BFFE8B7001BF789 /* Products */,
			);
			sourceTree = "<group>";
		};
		88A9077A2BFFE8B7001BF789 /* Products */ = {
			isa = PBXGroup;
			children = (
				88A907792BFFE8B7001BF789 /* AI-Art.app */,
			);
			name = Products;
			sourceTree = "<group>";
		};
		88A9077B2BFFE8B7001BF789 /* AI-Art */ = {
			isa = PBXGroup;
			children = (
				88A67E4A2C00B2FE0032DDF7 /* Components */,
				88A9079D2BFFEADF001BF789 /* Util */,
				88A9079A2BFFEA90001BF789 /* CoreML */,
				88A9078A2BFFE8C8001BF789 /* Features */,
				88A9078B2BFFE8D3001BF789 /* Resources */,
				88A9077C2BFFE8B7001BF789 /* AI_ArtApp.swift */,
				88A907822BFFE8B8001BF789 /* Preview Content */,
			);
			path = "AI-Art";
			sourceTree = "<group>";
		};
		88A907822BFFE8B8001BF789 /* Preview Content */ = {
			isa = PBXGroup;
			children = (
				88A907832BFFE8B8001BF789 /* Preview Assets.xcassets */,
			);
			path = "Preview Content";
			sourceTree = "<group>";
		};
		88A9078A2BFFE8C8001BF789 /* Features */ = {
			isa = PBXGroup;
			children = (
				88A9078C2BFFE8EA001BF789 /* ImageGeneration */,
			);
			path = Features;
			sourceTree = "<group>";
		};
		88A9078B2BFFE8D3001BF789 /* Resources */ = {
			isa = PBXGroup;
			children = (
				88A907A22BFFEFB7001BF789 /* MLResources */,
				88A907802BFFE8B8001BF789 /* Assets.xcassets */,
			);
			path = Resources;
			sourceTree = "<group>";
		};
		88A9078C2BFFE8EA001BF789 /* ImageGeneration */ = {
			isa = PBXGroup;
			children = (
				88A907902BFFE900001BF789 /* Models */,
				88A9078F2BFFE8FC001BF789 /* ViewModels */,
				88A9078E2BFFE8F7001BF789 /* Views */,
				88A9078D2BFFE8F0001BF789 /* Services */,
			);
			path = ImageGeneration;
			sourceTree = "<group>";
		};
		88A9078D2BFFE8F0001BF789 /* Services */ = {
			isa = PBXGroup;
			children = (
				88A907952BFFE9D4001BF789 /* ImageGenerationService.swift */,
			);
			path = Services;
			sourceTree = "<group>";
		};
		88A9078E2BFFE8F7001BF789 /* Views */ = {
			isa = PBXGroup;
			children = (
				88A9077E2BFFE8B7001BF789 /* ContentView.swift */,
				88A907B12C005A19001BF789 /* ShimmerView.swift */,
			);
			path = Views;
			sourceTree = "<group>";
		};
		88A9078F2BFFE8FC001BF789 /* ViewModels */ = {
			isa = PBXGroup;
			children = (
				88A907932BFFE948001BF789 /* ImageGenerationViewModel.swift */,
			);
			path = ViewModels;
			sourceTree = "<group>";
		};
		88A907902BFFE900001BF789 /* Models */ = {
			isa = PBXGroup;
			children = (
				88A907912BFFE91D001BF789 /* PromptSettings.swift */,
			);
			path = Models;
			sourceTree = "<group>";
		};
		88A9079A2BFFEA90001BF789 /* CoreML */ = {
			isa = PBXGroup;
			children = (
				88A9079B2BFFEA99001BF789 /* Pipeline.swift */,
			);
			path = CoreML;
			sourceTree = "<group>";
		};
		88A9079D2BFFEADF001BF789 /* Util */ = {
			isa = PBXGroup;
			children = (
				88A9079E2BFFEAF3001BF789 /* Extensions.swift */,
				88A907A02BFFEBA8001BF789 /* ProgressBar.swift */,
				88A67E482C00A73A0032DDF7 /* BackgroundGradientView.swift */,
			);
			path = Util;
			sourceTree = "<group>";
		};
		88A907A22BFFEFB7001BF789 /* MLResources */ = {
			isa = PBXGroup;
			children = (
			);
			path = MLResources;
			sourceTree = "<group>";
		};
/* End PBXGroup section */

/* Begin PBXNativeTarget section */
		88A907782BFFE8B7001BF789 /* AI-Art */ = {
			isa = PBXNativeTarget;
			buildConfigurationList = 88A907872BFFE8B8001BF789 /* Build configuration list for PBXNativeTarget "AI-Art" */;
			buildPhases = (
				88A907752BFFE8B7001BF789 /* Sources */,
				88A907762BFFE8B7001BF789 /* Frameworks */,
				88A907772BFFE8B7001BF789 /* Resources */,
			);
			buildRules = (
			);
			dependencies = (
			);
			name = "AI-Art";
			packageProductDependencies = (
				88A907982BFFEA09001BF789 /* StableDiffusion */,
			);
			productName = "AI-Art";
			productReference = 88A907792BFFE8B7001BF789 /* AI-Art.app */;
			productType = "com.apple.product-type.application";
		};
/* End PBXNativeTarget section */

/* Begin PBXProject section */
		88A907712BFFE8B7001BF789 /* Project object */ = {
			isa = PBXProject;
			attributes = {
				BuildIndependentTargetsInParallel = 1;
				LastSwiftUpdateCheck = 1540;
				LastUpgradeCheck = 1540;
				TargetAttributes = {
					88A907782BFFE8B7001BF789 = {
						CreatedOnToolsVersion = 15.4;
					};
				};
			};
			buildConfigurationList = 88A907742BFFE8B7001BF789 /* Build configuration list for PBXProject "AI-Art" */;
			compatibilityVersion = "Xcode 14.0";
			developmentRegion = en;
			hasScannedForEncodings = 0;
			knownRegions = (
				en,
				Base,
			);
			mainGroup = 88A907702BFFE8B7001BF789;
			packageReferences = (
				88A907972BFFEA09001BF789 /* XCRemoteSwiftPackageReference "ml-stable-diffusion" */,
			);
			productRefGroup = 88A9077A2BFFE8B7001BF789 /* Products */;
			projectDirPath = "";
			projectRoot = "";
			targets = (
				88A907782BFFE8B7001BF789 /* AI-Art */,
			);
		};
/* End PBXProject section */

/* Begin PBXResourcesBuildPhase section */
		88A907772BFFE8B7001BF789 /* Resources */ = {
			isa = PBXResourcesBuildPhase;
			buildActionMask = 2147483647;
			files = (
				88A907842BFFE8B8001BF789 /* Preview Assets.xcassets in Resources */,
				88A907812BFFE8B8001BF789 /* Assets.xcassets in Resources */,
			);
			runOnlyForDeploymentPostprocessing = 0;
		};
/* End PBXResourcesBuildPhase section */

/* Begin PBXSourcesBuildPhase section */
		88A907752BFFE8B7001BF789 /* Sources */ = {
			isa = PBXSourcesBuildPhase;
			buildActionMask = 2147483647;
			files = (
				88A907942BFFE948001BF789 /* ImageGenerationViewModel.swift in Sources */,
				88A67E4C2C00B30F0032DDF7 /* CustomTextFieldStyle.swift in Sources */,
				88A907922BFFE91D001BF789 /* PromptSettings.swift in Sources */,
				88A9077F2BFFE8B7001BF789 /* ContentView.swift in Sources */,
				88A9079C2BFFEA99001BF789 /* Pipeline.swift in Sources */,
				88A9077D2BFFE8B7001BF789 /* AI_ArtApp.swift in Sources */,
				88A907962BFFE9D4001BF789 /* ImageGenerationService.swift in Sources */,
				88A67E4E2C00B32D0032DDF7 /* CustomSlider.swift in Sources */,
				88A907B22C005A19001BF789 /* ShimmerView.swift in Sources */,
				88A907A12BFFEBA8001BF789 /* ProgressBar.swift in Sources */,
				88A67E492C00A73A0032DDF7 /* BackgroundGradientView.swift in Sources */,
				88A9079F2BFFEAF3001BF789 /* Extensions.swift in Sources */,
			);
			runOnlyForDeploymentPostprocessing = 0;
		};
/* End PBXSourcesBuildPhase section */

/* Begin XCBuildConfiguration section */
		88A907852BFFE8B8001BF789 /* Debug */ = {
			isa = XCBuildConfiguration;
			buildSettings = {
				ALWAYS_SEARCH_USER_PATHS = NO;
				ASSETCATALOG_COMPILER_GENERATE_SWIFT_ASSET_SYMBOL_EXTENSIONS = YES;
				CLANG_ANALYZER_NONNULL = YES;
				CLANG_ANALYZER_NUMBER_OBJECT_CONVERSION = YES_AGGRESSIVE;
				CLANG_CXX_LANGUAGE_STANDARD = "gnu++20";
				CLANG_ENABLE_MODULES = YES;
				CLANG_ENABLE_OBJC_ARC = YES;
				CLANG_ENABLE_OBJC_WEAK = YES;
				CLANG_WARN_BLOCK_CAPTURE_AUTORELEASING = YES;
				CLANG_WARN_BOOL_CONVERSION = YES;
				CLANG_WARN_COMMA = YES;
				CLANG_WARN_CONSTANT_CONVERSION = YES;
				CLANG_WARN_DEPRECATED_OBJC_IMPLEMENTATIONS = YES;
				CLANG_WARN_DIRECT_OBJC_ISA_USAGE = YES_ERROR;
				CLANG_WARN_DOCUMENTATION_COMMENTS = YES;
				CLANG_WARN_EMPTY_BODY = YES;
				CLANG_WARN_ENUM_CONVERSION = YES;
				CLANG_WARN_INFINITE_RECURSION = YES;
				CLANG_WARN_INT_CONVERSION = YES;
				CLANG_WARN_NON_LITERAL_NULL_CONVERSION = YES;
				CLANG_WARN_OBJC_IMPLICIT_RETAIN_SELF = YES;
				CLANG_WARN_OBJC_LITERAL_CONVERSION = YES;
				CLANG_WARN_OBJC_ROOT_CLASS = YES_ERROR;
				CLANG_WARN_QUOTED_INCLUDE_IN_FRAMEWORK_HEADER = YES;
				CLANG_WARN_RANGE_LOOP_ANALYSIS = YES;
				CLANG_WARN_STRICT_PROTOTYPES = YES;
				CLANG_WARN_SUSPICIOUS_MOVE = YES;
				CLANG_WARN_UNGUARDED_AVAILABILITY = YES_AGGRESSIVE;
				CLANG_WARN_UNREACHABLE_CODE = YES;
				CLANG_WARN__DUPLICATE_METHOD_MATCH = YES;
				COPY_PHASE_STRIP = NO;
				DEBUG_INFORMATION_FORMAT = dwarf;
				ENABLE_STRICT_OBJC_MSGSEND = YES;
				ENABLE_TESTABILITY = YES;
				ENABLE_USER_SCRIPT_SANDBOXING = YES;
				GCC_C_LANGUAGE_STANDARD = gnu17;
				GCC_DYNAMIC_NO_PIC = NO;
				GCC_NO_COMMON_BLOCKS = YES;
				GCC_OPTIMIZATION_LEVEL = 0;
				GCC_PREPROCESSOR_DEFINITIONS = (
					"DEBUG=1",
					"$(inherited)",
				);
				GCC_WARN_64_TO_32_BIT_CONVERSION = YES;
				GCC_WARN_ABOUT_RETURN_TYPE = YES_ERROR;
				GCC_WARN_UNDECLARED_SELECTOR = YES;
				GCC_WARN_UNINITIALIZED_AUTOS = YES_AGGRESSIVE;
				GCC_WARN_UNUSED_FUNCTION = YES;
				GCC_WARN_UNUSED_VARIABLE = YES;
				IPHONEOS_DEPLOYMENT_TARGET = 17.5;
				LOCALIZATION_PREFERS_STRING_CATALOGS = YES;
				MTL_ENABLE_DEBUG_INFO = INCLUDE_SOURCE;
				MTL_FAST_MATH = YES;
				ONLY_ACTIVE_ARCH = YES;
				SDKROOT = iphoneos;
				SWIFT_ACTIVE_COMPILATION_CONDITIONS = "DEBUG $(inherited)";
				SWIFT_OPTIMIZATION_LEVEL = "-Onone";
			};
			name = Debug;
		};
		88A907862BFFE8B8001BF789 /* Release */ = {
			isa = XCBuildConfiguration;
			buildSettings = {
				ALWAYS_SEARCH_USER_PATHS = NO;
				ASSETCATALOG_COMPILER_GENERATE_SWIFT_ASSET_SYMBOL_EXTENSIONS = YES;
				CLANG_ANALYZER_NONNULL = YES;
				CLANG_ANALYZER_NUMBER_OBJECT_CONVERSION = YES_AGGRESSIVE;
				CLANG_CXX_LANGUAGE_STANDARD = "gnu++20";
				CLANG_ENABLE_MODULES = YES;
				CLANG_ENABLE_OBJC_ARC = YES;
				CLANG_ENABLE_OBJC_WEAK = YES;
				CLANG_WARN_BLOCK_CAPTURE_AUTORELEASING = YES;
				CLANG_WARN_BOOL_CONVERSION = YES;
				CLANG_WARN_COMMA = YES;
				CLANG_WARN_CONSTANT_CONVERSION = YES;
				CLANG_WARN_DEPRECATED_OBJC_IMPLEMENTATIONS = YES;
				CLANG_WARN_DIRECT_OBJC_ISA_USAGE = YES_ERROR;
				CLANG_WARN_DOCUMENTATION_COMMENTS = YES;
				CLANG_WARN_EMPTY_BODY = YES;
				CLANG_WARN_ENUM_CONVERSION = YES;
				CLANG_WARN_INFINITE_RECURSION = YES;
				CLANG_WARN_INT_CONVERSION = YES;
				CLANG_WARN_NON_LITERAL_NULL_CONVERSION = YES;
				CLANG_WARN_OBJC_IMPLICIT_RETAIN_SELF = YES;
				CLANG_WARN_OBJC_LITERAL_CONVERSION = YES;
				CLANG_WARN_OBJC_ROOT_CLASS = YES_ERROR;
				CLANG_WARN_QUOTED_INCLUDE_IN_FRAMEWORK_HEADER = YES;
				CLANG_WARN_RANGE_LOOP_ANALYSIS = YES;
				CLANG_WARN_STRICT_PROTOTYPES = YES;
				CLANG_WARN_SUSPICIOUS_MOVE = YES;
				CLANG_WARN_UNGUARDED_AVAILABILITY = YES_AGGRESSIVE;
				CLANG_WARN_UNREACHABLE_CODE = YES;
				CLANG_WARN__DUPLICATE_METHOD_MATCH = YES;
				COPY_PHASE_STRIP = NO;
				DEBUG_INFORMATION_FORMAT = "dwarf-with-dsym";
				ENABLE_NS_ASSERTIONS = NO;
				ENABLE_STRICT_OBJC_MSGSEND = YES;
				ENABLE_USER_SCRIPT_SANDBOXING = YES;
				GCC_C_LANGUAGE_STANDARD = gnu17;
				GCC_NO_COMMON_BLOCKS = YES;
				GCC_WARN_64_TO_32_BIT_CONVERSION = YES;
				GCC_WARN_ABOUT_RETURN_TYPE = YES_ERROR;
				GCC_WARN_UNDECLARED_SELECTOR = YES;
				GCC_WARN_UNINITIALIZED_AUTOS = YES_AGGRESSIVE;
				GCC_WARN_UNUSED_FUNCTION = YES;
				GCC_WARN_UNUSED_VARIABLE = YES;
				IPHONEOS_DEPLOYMENT_TARGET = 17.5;
				LOCALIZATION_PREFERS_STRING_CATALOGS = YES;
				MTL_ENABLE_DEBUG_INFO = NO;
				MTL_FAST_MATH = YES;
				SDKROOT = iphoneos;
				SWIFT_COMPILATION_MODE = wholemodule;
				VALIDATE_PRODUCT = YES;
			};
			name = Release;
		};
		88A907882BFFE8B8001BF789 /* Debug */ = {
			isa = XCBuildConfiguration;
			buildSettings = {
				ASSETCATALOG_COMPILER_APPICON_NAME = AppIcon;
				ASSETCATALOG_COMPILER_GLOBAL_ACCENT_COLOR_NAME = AccentColor;
				CODE_SIGN_STYLE = Automatic;
				CURRENT_PROJECT_VERSION = 1;
				DEVELOPMENT_ASSET_PATHS = "\"AI-Art/Preview Content\"";
				DEVELOPMENT_TEAM = SK8QCNB9MK;
				ENABLE_PREVIEWS = YES;
				GENERATE_INFOPLIST_FILE = YES;
				INFOPLIST_KEY_NSPhotoLibraryAddUsageDescription = "This app needs access to the photo library to save generated images.";
				INFOPLIST_KEY_UIApplicationSceneManifest_Generation = YES;
				INFOPLIST_KEY_UIApplicationSupportsIndirectInputEvents = YES;
				INFOPLIST_KEY_UILaunchScreen_Generation = YES;
				INFOPLIST_KEY_UISupportedInterfaceOrientations_iPad = "UIInterfaceOrientationPortrait UIInterfaceOrientationPortraitUpsideDown UIInterfaceOrientationLandscapeLeft UIInterfaceOrientationLandscapeRight";
				INFOPLIST_KEY_UISupportedInterfaceOrientations_iPhone = "UIInterfaceOrientationPortrait UIInterfaceOrientationLandscapeLeft UIInterfaceOrientationLandscapeRight";
				LD_RUNPATH_SEARCH_PATHS = (
					"$(inherited)",
					"@executable_path/Frameworks",
				);
				MARKETING_VERSION = 1.0;
				PRODUCT_BUNDLE_IDENTIFIER = "com.nang.AI-Art";
				PRODUCT_NAME = "$(TARGET_NAME)";
				SWIFT_EMIT_LOC_STRINGS = YES;
				SWIFT_VERSION = 5.0;
				TARGETED_DEVICE_FAMILY = "1,2";
			};
			name = Debug;
		};
		88A907892BFFE8B8001BF789 /* Release */ = {
			isa = XCBuildConfiguration;
			buildSettings = {
				ASSETCATALOG_COMPILER_APPICON_NAME = AppIcon;
				ASSETCATALOG_COMPILER_GLOBAL_ACCENT_COLOR_NAME = AccentColor;
				CODE_SIGN_STYLE = Automatic;
				CURRENT_PROJECT_VERSION = 1;
				DEVELOPMENT_ASSET_PATHS = "\"AI-Art/Preview Content\"";
				DEVELOPMENT_TEAM = SK8QCNB9MK;
				ENABLE_PREVIEWS = YES;
				GENERATE_INFOPLIST_FILE = YES;
				INFOPLIST_KEY_NSPhotoLibraryAddUsageDescription = "This app needs access to the photo library to save generated images.";
				INFOPLIST_KEY_UIApplicationSceneManifest_Generation = YES;
				INFOPLIST_KEY_UIApplicationSupportsIndirectInputEvents = YES;
				INFOPLIST_KEY_UILaunchScreen_Generation = YES;
				INFOPLIST_KEY_UISupportedInterfaceOrientations_iPad = "UIInterfaceOrientationPortrait UIInterfaceOrientationPortraitUpsideDown UIInterfaceOrientationLandscapeLeft UIInterfaceOrientationLandscapeRight";
				INFOPLIST_KEY_UISupportedInterfaceOrientations_iPhone = "UIInterfaceOrientationPortrait UIInterfaceOrientationLandscapeLeft UIInterfaceOrientationLandscapeRight";
				LD_RUNPATH_SEARCH_PATHS = (
					"$(inherited)",
					"@executable_path/Frameworks",
				);
				MARKETING_VERSION = 1.0;
				PRODUCT_BUNDLE_IDENTIFIER = "com.nang.AI-Art";
				PRODUCT_NAME = "$(TARGET_NAME)";
				SWIFT_EMIT_LOC_STRINGS = YES;
				SWIFT_VERSION = 5.0;
				TARGETED_DEVICE_FAMILY = "1,2";
			};
			name = Release;
		};
/* End XCBuildConfiguration section */

/* Begin XCConfigurationList section */
		88A907742BFFE8B7001BF789 /* Build configuration list for PBXProject "AI-Art" */ = {
			isa = XCConfigurationList;
			buildConfigurations = (
				88A907852BFFE8B8001BF789 /* Debug */,
				88A907862BFFE8B8001BF789 /* Release */,
			);
			defaultConfigurationIsVisible = 0;
			defaultConfigurationName = Release;
		};
		88A907872BFFE8B8001BF789 /* Build configuration list for PBXNativeTarget "AI-Art" */ = {
			isa = XCConfigurationList;
			buildConfigurations = (
				88A907882BFFE8B8001BF789 /* Debug */,
				88A907892BFFE8B8001BF789 /* Release */,
			);
			defaultConfigurationIsVisible = 0;
			defaultConfigurationName = Release;
		};
/* End XCConfigurationList section */

/* Begin XCRemoteSwiftPackageReference section */
		88A907972BFFEA09001BF789 /* XCRemoteSwiftPackageReference "ml-stable-diffusion" */ = {
			isa = XCRemoteSwiftPackageReference;
			repositoryURL = "https://github.com/apple/ml-stable-diffusion";
			requirement = {
				kind = upToNextMajorVersion;
				minimumVersion = 1.1.1;
			};
		};
/* End XCRemoteSwiftPackageReference section */

/* Begin XCSwiftPackageProductDependency section */
		88A907982BFFEA09001BF789 /* StableDiffusion */ = {
			isa = XCSwiftPackageProductDependency;
			package = 88A907972BFFEA09001BF789 /* XCRemoteSwiftPackageReference "ml-stable-diffusion" */;
			productName = StableDiffusion;
		};
/* End XCSwiftPackageProductDependency section */
	};
	rootObject = 88A907712BFFE8B7001BF789 /* Project object */;
}
